
Microsoft Visual Studio Solution File, Format Version 12.00
# Visual Studio Version 17
VisualStudioVersion = 17.14.36109.1 d17.14
MinimumVisualStudioVersion = 10.0.40219.1
Project("{FAE04EC0-301F-11D3-BF4B-00C04F79EFBC}") = "Level Up", "Level Up\Level Up.csproj", "{47C5001C-C5D8-4F19-9A41-365F68DA5EDE}"
EndProject
Global
	GlobalSection(SolutionConfigurationPlatforms) = preSolution
		Debug|Any CPU = Debug|Any CPU
		Release|Any CPU = Release|Any CPU
	EndGlobalSection
	GlobalSection(ProjectConfigurationPlatforms) = postSolution
		{47C5001C-C5D8-4F19-9A41-365F68DA5EDE}.Debug|Any CPU.ActiveCfg = Debug|Any CPU
		{47C5001C-C5D8-4F19-9A41-365F68DA5EDE}.Debug|Any CPU.Build.0 = Debug|Any CPU
		{47C5001C-C5D8-4F19-9A41-365F68DA5EDE}.Release|Any CPU.ActiveCfg = Release|Any CPU
		{47C5001C-C5D8-4F19-9A41-365F68DA5EDE}.Release|Any CPU.Build.0 = Release|Any CPU
	EndGlobalSection
	GlobalSection(SolutionProperties) = preSolution
		HideSolutionNode = FALSE
	EndGlobalSection
	GlobalSection(ExtensibilityGlobals) = postSolution
		SolutionGuid = {3C10ECCD-A31A-477C-B713-C4A59247E4B6}
	EndGlobalSection
EndGlobal
